
Microsoft Visual Studio Solution File, Format Version 12.00
# Visual Studio Version 16
VisualStudioVersion = 16.0.31205.134
MinimumVisualStudioVersion = 10.0.40219.1
Project("{9A19103F-16F7-4668-BE54-9A1E7A4F7556}") = "PostcodeParser", "CodingChallenges\PostcodeParser.csproj", "{B76FFC33-1AB8-4928-9D30-D9EAF4596720}"
EndProject
Project("{9A19103F-16F7-4668-BE54-9A1E7A4F7556}") = "TestPostcodeParser", "TestCodingChallenges\TestPostcodeParser.csproj", "{D26CF0D1-565C-4E69-9884-E7C04F51989C}"
EndProject
Global
	GlobalSection(SolutionConfigurationPlatforms) = preSolution
		Debug|Any CPU = Debug|Any CPU
		Release|Any CPU = Release|Any CPU
	EndGlobalSection
	GlobalSection(ProjectConfigurationPlatforms) = postSolution
		{B76FFC33-1AB8-4928-9D30-D9EAF4596720}.Debug|Any CPU.ActiveCfg = Debug|Any CPU
		{B76FFC33-1AB8-4928-9D30-D9EAF4596720}.Debug|Any CPU.Build.0 = Debug|Any CPU
		{B76FFC33-1AB8-4928-9D30-D9EAF4596720}.Release|Any CPU.ActiveCfg = Release|Any CPU
		{B76FFC33-1AB8-4928-9D30-D9EAF4596720}.Release|Any CPU.Build.0 = Release|Any CPU
		{D26CF0D1-565C-4E69-9884-E7C04F51989C}.Debug|Any CPU.ActiveCfg = Debug|Any CPU
		{D26CF0D1-565C-4E69-9884-E7C04F51989C}.Debug|Any CPU.Build.0 = Debug|Any CPU
		{D26CF0D1-565C-4E69-9884-E7C04F51989C}.Release|Any CPU.ActiveCfg = Release|Any CPU
		{D26CF0D1-565C-4E69-9884-E7C04F51989C}.Release|Any CPU.Build.0 = Release|Any CPU
	EndGlobalSection
	GlobalSection(SolutionProperties) = preSolution
		HideSolutionNode = FALSE
	EndGlobalSection
	GlobalSection(ExtensibilityGlobals) = postSolution
		SolutionGuid = {EE28EA73-1619-4018-B88D-184CD5D8604F}
	EndGlobalSection
EndGlobal
